PODS:
  - Flutter (1.0.0)
  - flutter_smart_watch (0.0.1):
    - Flutter

DEPENDENCIES:
  - Flutter (from `Flutter`)
  - flutter_smart_watch (from `.symlinks/plugins/flutter_smart_watch/ios`)

EXTERNAL SOURCES:
  Flutter:
    :path: Flutter
  flutter_smart_watch:
    :path: ".symlinks/plugins/flutter_smart_watch/ios"

SPEC CHECKSUMS:
  Flutter: 50d75fe2f02b26cc09d224853bb45737f8b3214a
  flutter_smart_watch: 66aa692b4fad640e2dee18a105acba4eb45c55bb

PODFILE CHECKSUM: f8163676bfda13d12a9526e4bb0d205ab3329550

COCOAPODS: 1.11.3
